{
  "version": 4,
  "terraform_version": "1.6.6",
  "serial": 9,
  "lineage": "40d8a91e-0ffd-2e11-176b-b9b9a55e275c",
  "outputs": {},
  "resources": [
    {
      "mode": "managed",
      "type": "aws_instance",
      "name": "test-instance",
      "provider": "provider[\"registry.terraform.io/hashicorp/aws\"]",
      "instances": [
        {
          "schema_version": 1,
          "attributes": {
            "ami": "ami-0df2a11dd1fe1f8e3",
            "arn": "arn:aws:ec2:us-east-1:306714464183:instance/i-03501f97e0d46eaff",
            "associate_public_ip_address": true,
            "availability_zone": "us-east-1a",
            "capacity_reservation_specification": [
              {
                "capacity_reservation_preference": "open",
                "capacity_reservation_target": []
              }
            ],
            "cpu_core_count": 1,
            "cpu_options": [
              {
                "amd_sev_snp": "",
                "core_count": 1,
                "threads_per_core": 1
              }
            ],
            "cpu_threads_per_core": 1,
            "credit_specification": [
              {
                "cpu_credits": "standard"
              }
            ],
            "disable_api_stop": false,
            "disable_api_termination": false,
            "ebs_block_device": [],
            "ebs_optimized": false,
            "enclave_options": [
              {
                "enabled": false
              }
            ],
            "ephemeral_block_device": [],
            "get_password_data": false,
            "hibernation": false,
            "host_id": "",
            "host_resource_group_arn": null,
            "iam_instance_profile": "",
            "id": "i-03501f97e0d46eaff",
            "instance_initiated_shutdown_behavior": "stop",
            "instance_lifecycle": "",
            "instance_market_options": [],
            "instance_state": "running",
            "instance_type": "t2.micro",
            "ipv6_address_count": 0,
            "ipv6_addresses": [],
            "key_name": "master_key",
            "launch_template": [],
            "maintenance_options": [
              {
                "auto_recovery": "default"
              }
            ],
            "metadata_options": [
              {
                "http_endpoint": "enabled",
                "http_protocol_ipv6": "disabled",
                "http_put_response_hop_limit": 1,
                "http_tokens": "optional",
                "instance_metadata_tags": "disabled"
              }
            ],
            "monitoring": false,
            "network_interface": [],
            "outpost_arn": "",
            "password_data": "",
            "placement_group": "",
            "placement_partition_number": 0,
            "primary_network_interface_id": "eni-0c5a506e90da85187",
            "private_dns": "ip-172-31-27-57.ec2.internal",
            "private_dns_name_options": [
              {
                "enable_resource_name_dns_a_record": false,
                "enable_resource_name_dns_aaaa_record": false,
                "hostname_type": "ip-name"
              }
            ],
            "private_ip": "172.31.27.57",
            "public_dns": "ec2-54-160-237-111.compute-1.amazonaws.com",
            "public_ip": "54.160.237.111",
            "root_block_device": [
              {
                "delete_on_termination": true,
                "device_name": "/dev/sda1",
                "encrypted": false,
                "iops": 100,
                "kms_key_id": "",
                "tags": {},
                "throughput": 0,
                "volume_id": "vol-097b8ea8b6d084a28",
                "volume_size": 10,
                "volume_type": "gp2"
              }
            ],
            "secondary_private_ips": [],
            "security_groups": [
              "terra-sg"
            ],
            "source_dest_check": true,
            "spot_instance_request_id": "",
            "subnet_id": "subnet-07d9fcca890b9551c",
            "tags": {
              "name": "Finance_Website",
              "project": "Finance"
            },
            "tags_all": {
              "name": "Finance_Website",
              "project": "Finance"
            },
            "tenancy": "default",
            "timeouts": null,
            "user_data": null,
            "user_data_base64": null,
            "user_data_replace_on_change": false,
            "volume_tags": null,
            "vpc_security_group_ids": [
              "sg-0b46c47eefb57e4c7"
            ]
          },
          "sensitive_attributes": [],
          "private": "eyJlMmJmYjczMC1lY2FhLTExZTYtOGY4OC0zNDM2M2JjN2M0YzAiOnsiY3JlYXRlIjo2MDAwMDAwMDAwMDAsImRlbGV0ZSI6MTIwMDAwMDAwMDAwMCwidXBkYXRlIjo2MDAwMDAwMDAwMDB9LCJzY2hlbWFfdmVyc2lvbiI6IjEifQ==",
          "dependencies": [
            "aws_key_pair.project-key"
          ]
        }
      ]
    },
    {
      "mode": "managed",
      "type": "aws_key_pair",
      "name": "project-key",
      "provider": "provider[\"registry.terraform.io/hashicorp/aws\"]",
      "instances": [
        {
          "schema_version": 1,
          "attributes": {
            "arn": "arn:aws:ec2:us-east-1:306714464183:key-pair/master_key",
            "fingerprint": "27:d7:ee:3b:0a:dd:a6:f7:6d:5e:5e:39:a2:91:07:a4",
            "id": "master_key",
            "key_name": "master_key",
            "key_name_prefix": "",
            "key_pair_id": "key-0ebf41d75077fced6",
            "key_type": "rsa",
            "public_key": "ssh-rsa AAAAB3NzaC1yc2EAAAADAQABAAABAQDmPghwf89wbIEMwXbWWCLBPQJIoqqmc04EXIkb4T3RPcUk5F+dM+/b3HdbwJTvRVssxdz5bUJr3bTGIQLVmcxmR3H0ubxLBwnyW07uoBELaktVnbWBexDjgMrQ36VeZCUZNGEHTpsjnn76ALCXGX3LCNYq6RuS5ovagZZ/JxmV6gUjMF4bDCIOxtjNrszXrDrDDQUd5yoHVLB2mCe1UlK/jD3RTUQDrAUN/dhfgU9FxafYJJEnDHaueEEkSpUbdokKcLUrUf/WRwvbYSbUARBFbhTJhnvG3o6A4yVb2BA/FqVoaHLt+uVp0wTnqtRNTEkVRgifZC/tJDiZ2yiIB8v1 SID@Siddharth-PC",
            "tags": null,
            "tags_all": {}
          },
          "sensitive_attributes": [],
          "private": "eyJzY2hlbWFfdmVyc2lvbiI6IjEifQ=="
        }
      ]
    }
  ],
  "check_results": null
}
